
Microsoft Visual Studio Solution File, Format Version 12.00
# Visual Studio Version 17
VisualStudioVersion = 17.13.35806.99
MinimumVisualStudioVersion = 10.0.40219.1
Project("{2150E333-8FDC-42A3-9474-1A3956D46DE8}") = "Services", "Services", "{02EA681E-C7D8-13C7-8484-4AC65E1B71E8}"
EndProject
Project("{2150E333-8FDC-42A3-9474-1A3956D46DE8}") = "Catalog", "Catalog", "{7F89AD1A-58A6-4ECA-9AEE-4C8DF3B2C720}"
EndProject
Project("{FAE04EC0-301F-11D3-BF4B-00C04F79EFBC}") = "Catalog.API", "Services\Catalog\Catalog.API\Catalog.API.csproj", "{13049DCC-ABA3-492F-ABFD-6275EFD6DDB2}"
EndProject
Project("{2150E333-8FDC-42A3-9474-1A3956D46DE8}") = "BuildingBlocks", "BuildingBlocks", "{8B256497-DB33-4D9B-BA45-102E4A4FC3F2}"
EndProject
Project("{FAE04EC0-301F-11D3-BF4B-00C04F79EFBC}") = "BuildingBlocks", "BuildingBlocks\BuildingBlocks\BuildingBlocks.csproj", "{0F138968-E74A-4676-AD1B-5CA79299A1DF}"
EndProject
Project("{E53339B2-1760-4266-BCC7-CA923CBCF16C}") = "docker-compose", "docker-compose.dcproj", "{81DDED9D-158B-E303-5F62-77A2896D2A5A}"
EndProject
Project("{2150E333-8FDC-42A3-9474-1A3956D46DE8}") = "Basket", "Basket", "{31304917-9E5C-47CB-9654-95F48F609AF3}"
EndProject
Project("{2150E333-8FDC-42A3-9474-1A3956D46DE8}") = "Discount", "Discount", "{94A32C27-4CB0-44DD-B11D-F19C3FF97902}"
EndProject
Project("{FAE04EC0-301F-11D3-BF4B-00C04F79EFBC}") = "Discount.Grpc", "Services\Discount\Discount.Grpc\Discount.Grpc.csproj", "{C1ACC220-8614-451F-8ABA-975FA6C2723B}"
EndProject
Project("{2150E333-8FDC-42A3-9474-1A3956D46DE8}") = "Ordering", "Ordering", "{8A039AEE-EF0B-4DD1-A1F5-5EB687AADB97}"
EndProject
Project("{FAE04EC0-301F-11D3-BF4B-00C04F79EFBC}") = "Ordering.Domain", "Services\Ordering\Ordering.Domain\Ordering.Domain.csproj", "{681F422D-60CB-4274-9B4B-32FD85B7D47B}"
EndProject
Project("{FAE04EC0-301F-11D3-BF4B-00C04F79EFBC}") = "Ordering.Application", "Services\Ordering\Ordering.Application\Ordering.Application.csproj", "{3DEDEB45-528A-4ABF-AB5F-9F70081F7F16}"
EndProject
Project("{FAE04EC0-301F-11D3-BF4B-00C04F79EFBC}") = "Ordering.Infrastructure", "Services\Ordering\Ordering.Infrastructure\Ordering.Infrastructure.csproj", "{2166ED9D-B9B8-4C90-9930-7894AEF50FA8}"
EndProject
Project("{FAE04EC0-301F-11D3-BF4B-00C04F79EFBC}") = "Ordering.API", "Services\Ordering\Ordering.API\Ordering.API.csproj", "{7FF22F64-3E68-470D-AD28-BBB94093611A}"
EndProject
Project("{FAE04EC0-301F-11D3-BF4B-00C04F79EFBC}") = "Basket.API", "Services\Basket\Basket.API\Basket.API.csproj", "{C93DEBF5-6228-4236-9FF9-AAE585BC290E}"
EndProject
Project("{FAE04EC0-301F-11D3-BF4B-00C04F79EFBC}") = "BuildingBlocks.Messaging", "BuildingBlocks\BuildingBlocks.Messaging\BuildingBlocks.Messaging.csproj", "{CE892A1B-23CF-4058-8D3F-8D66B4DD2EEB}"
EndProject
Project("{2150E333-8FDC-42A3-9474-1A3956D46DE8}") = "ApiGetways", "ApiGetways", "{022E594E-86DE-4465-B792-BE365F8F2645}"
EndProject
Project("{FAE04EC0-301F-11D3-BF4B-00C04F79EFBC}") = "YarpApiGateway", "ApiGateways\YarpApiGateway\YarpApiGateway.csproj", "{BD10A22E-A07B-4579-A2E9-A388095A8746}"
EndProject
Project("{2150E333-8FDC-42A3-9474-1A3956D46DE8}") = "WebApps", "WebApps", "{C61520EF-D7B6-44BE-BE64-E548F340C99C}"
EndProject
Project("{FAE04EC0-301F-11D3-BF4B-00C04F79EFBC}") = "Shopping.Web", "WebApps\Shopping.Web\Shopping.Web.csproj", "{34F8B309-2A0C-4CF9-A919-C9716433958F}"
EndProject
Global
	GlobalSection(SolutionConfigurationPlatforms) = preSolution
		Debug|Any CPU = Debug|Any CPU
		Release|Any CPU = Release|Any CPU
	EndGlobalSection
	GlobalSection(ProjectConfigurationPlatforms) = postSolution
		{13049DCC-ABA3-492F-ABFD-6275EFD6DDB2}.Debug|Any CPU.ActiveCfg = Debug|Any CPU
		{13049DCC-ABA3-492F-ABFD-6275EFD6DDB2}.Debug|Any CPU.Build.0 = Debug|Any CPU
		{13049DCC-ABA3-492F-ABFD-6275EFD6DDB2}.Release|Any CPU.ActiveCfg = Release|Any CPU
		{13049DCC-ABA3-492F-ABFD-6275EFD6DDB2}.Release|Any CPU.Build.0 = Release|Any CPU
		{0F138968-E74A-4676-AD1B-5CA79299A1DF}.Debug|Any CPU.ActiveCfg = Debug|Any CPU
		{0F138968-E74A-4676-AD1B-5CA79299A1DF}.Debug|Any CPU.Build.0 = Debug|Any CPU
		{0F138968-E74A-4676-AD1B-5CA79299A1DF}.Release|Any CPU.ActiveCfg = Release|Any CPU
		{0F138968-E74A-4676-AD1B-5CA79299A1DF}.Release|Any CPU.Build.0 = Release|Any CPU
		{81DDED9D-158B-E303-5F62-77A2896D2A5A}.Debug|Any CPU.ActiveCfg = Debug|Any CPU
		{81DDED9D-158B-E303-5F62-77A2896D2A5A}.Debug|Any CPU.Build.0 = Debug|Any CPU
		{81DDED9D-158B-E303-5F62-77A2896D2A5A}.Release|Any CPU.ActiveCfg = Release|Any CPU
		{81DDED9D-158B-E303-5F62-77A2896D2A5A}.Release|Any CPU.Build.0 = Release|Any CPU
		{C1ACC220-8614-451F-8ABA-975FA6C2723B}.Debug|Any CPU.ActiveCfg = Debug|Any CPU
		{C1ACC220-8614-451F-8ABA-975FA6C2723B}.Debug|Any CPU.Build.0 = Debug|Any CPU
		{C1ACC220-8614-451F-8ABA-975FA6C2723B}.Release|Any CPU.ActiveCfg = Release|Any CPU
		{C1ACC220-8614-451F-8ABA-975FA6C2723B}.Release|Any CPU.Build.0 = Release|Any CPU
		{681F422D-60CB-4274-9B4B-32FD85B7D47B}.Debug|Any CPU.ActiveCfg = Debug|Any CPU
		{681F422D-60CB-4274-9B4B-32FD85B7D47B}.Debug|Any CPU.Build.0 = Debug|Any CPU
		{681F422D-60CB-4274-9B4B-32FD85B7D47B}.Release|Any CPU.ActiveCfg = Release|Any CPU
		{681F422D-60CB-4274-9B4B-32FD85B7D47B}.Release|Any CPU.Build.0 = Release|Any CPU
		{3DEDEB45-528A-4ABF-AB5F-9F70081F7F16}.Debug|Any CPU.ActiveCfg = Debug|Any CPU
		{3DEDEB45-528A-4ABF-AB5F-9F70081F7F16}.Debug|Any CPU.Build.0 = Debug|Any CPU
		{3DEDEB45-528A-4ABF-AB5F-9F70081F7F16}.Release|Any CPU.ActiveCfg = Release|Any CPU
		{3DEDEB45-528A-4ABF-AB5F-9F70081F7F16}.Release|Any CPU.Build.0 = Release|Any CPU
		{2166ED9D-B9B8-4C90-9930-7894AEF50FA8}.Debug|Any CPU.ActiveCfg = Debug|Any CPU
		{2166ED9D-B9B8-4C90-9930-7894AEF50FA8}.Debug|Any CPU.Build.0 = Debug|Any CPU
		{2166ED9D-B9B8-4C90-9930-7894AEF50FA8}.Release|Any CPU.ActiveCfg = Release|Any CPU
		{2166ED9D-B9B8-4C90-9930-7894AEF50FA8}.Release|Any CPU.Build.0 = Release|Any CPU
		{7FF22F64-3E68-470D-AD28-BBB94093611A}.Debug|Any CPU.ActiveCfg = Debug|Any CPU
		{7FF22F64-3E68-470D-AD28-BBB94093611A}.Debug|Any CPU.Build.0 = Debug|Any CPU
		{7FF22F64-3E68-470D-AD28-BBB94093611A}.Release|Any CPU.ActiveCfg = Release|Any CPU
		{7FF22F64-3E68-470D-AD28-BBB94093611A}.Release|Any CPU.Build.0 = Release|Any CPU
		{C93DEBF5-6228-4236-9FF9-AAE585BC290E}.Debug|Any CPU.ActiveCfg = Debug|Any CPU
		{C93DEBF5-6228-4236-9FF9-AAE585BC290E}.Debug|Any CPU.Build.0 = Debug|Any CPU
		{C93DEBF5-6228-4236-9FF9-AAE585BC290E}.Release|Any CPU.ActiveCfg = Release|Any CPU
		{C93DEBF5-6228-4236-9FF9-AAE585BC290E}.Release|Any CPU.Build.0 = Release|Any CPU
		{CE892A1B-23CF-4058-8D3F-8D66B4DD2EEB}.Debug|Any CPU.ActiveCfg = Debug|Any CPU
		{CE892A1B-23CF-4058-8D3F-8D66B4DD2EEB}.Debug|Any CPU.Build.0 = Debug|Any CPU
		{CE892A1B-23CF-4058-8D3F-8D66B4DD2EEB}.Release|Any CPU.ActiveCfg = Release|Any CPU
		{CE892A1B-23CF-4058-8D3F-8D66B4DD2EEB}.Release|Any CPU.Build.0 = Release|Any CPU
		{BD10A22E-A07B-4579-A2E9-A388095A8746}.Debug|Any CPU.ActiveCfg = Debug|Any CPU
		{BD10A22E-A07B-4579-A2E9-A388095A8746}.Debug|Any CPU.Build.0 = Debug|Any CPU
		{BD10A22E-A07B-4579-A2E9-A388095A8746}.Release|Any CPU.ActiveCfg = Release|Any CPU
		{BD10A22E-A07B-4579-A2E9-A388095A8746}.Release|Any CPU.Build.0 = Release|Any CPU
		{34F8B309-2A0C-4CF9-A919-C9716433958F}.Debug|Any CPU.ActiveCfg = Debug|Any CPU
		{34F8B309-2A0C-4CF9-A919-C9716433958F}.Debug|Any CPU.Build.0 = Debug|Any CPU
		{34F8B309-2A0C-4CF9-A919-C9716433958F}.Release|Any CPU.ActiveCfg = Release|Any CPU
		{34F8B309-2A0C-4CF9-A919-C9716433958F}.Release|Any CPU.Build.0 = Release|Any CPU
	EndGlobalSection
	GlobalSection(SolutionProperties) = preSolution
		HideSolutionNode = FALSE
	EndGlobalSection
	GlobalSection(NestedProjects) = preSolution
		{7F89AD1A-58A6-4ECA-9AEE-4C8DF3B2C720} = {02EA681E-C7D8-13C7-8484-4AC65E1B71E8}
		{13049DCC-ABA3-492F-ABFD-6275EFD6DDB2} = {7F89AD1A-58A6-4ECA-9AEE-4C8DF3B2C720}
		{0F138968-E74A-4676-AD1B-5CA79299A1DF} = {8B256497-DB33-4D9B-BA45-102E4A4FC3F2}
		{31304917-9E5C-47CB-9654-95F48F609AF3} = {02EA681E-C7D8-13C7-8484-4AC65E1B71E8}
		{94A32C27-4CB0-44DD-B11D-F19C3FF97902} = {02EA681E-C7D8-13C7-8484-4AC65E1B71E8}
		{C1ACC220-8614-451F-8ABA-975FA6C2723B} = {94A32C27-4CB0-44DD-B11D-F19C3FF97902}
		{8A039AEE-EF0B-4DD1-A1F5-5EB687AADB97} = {02EA681E-C7D8-13C7-8484-4AC65E1B71E8}
		{681F422D-60CB-4274-9B4B-32FD85B7D47B} = {8A039AEE-EF0B-4DD1-A1F5-5EB687AADB97}
		{3DEDEB45-528A-4ABF-AB5F-9F70081F7F16} = {8A039AEE-EF0B-4DD1-A1F5-5EB687AADB97}
		{2166ED9D-B9B8-4C90-9930-7894AEF50FA8} = {8A039AEE-EF0B-4DD1-A1F5-5EB687AADB97}
		{7FF22F64-3E68-470D-AD28-BBB94093611A} = {8A039AEE-EF0B-4DD1-A1F5-5EB687AADB97}
		{C93DEBF5-6228-4236-9FF9-AAE585BC290E} = {31304917-9E5C-47CB-9654-95F48F609AF3}
		{CE892A1B-23CF-4058-8D3F-8D66B4DD2EEB} = {8B256497-DB33-4D9B-BA45-102E4A4FC3F2}
		{BD10A22E-A07B-4579-A2E9-A388095A8746} = {022E594E-86DE-4465-B792-BE365F8F2645}
		{34F8B309-2A0C-4CF9-A919-C9716433958F} = {C61520EF-D7B6-44BE-BE64-E548F340C99C}
	EndGlobalSection
	GlobalSection(ExtensibilityGlobals) = postSolution
		SolutionGuid = {F538F105-519B-4259-8EAB-9959C19B214C}
	EndGlobalSection
EndGlobal
